
Microsoft Visual Studio Solution File, Format Version 12.00
# Visual Studio Version 17
VisualStudioVersion = 17.6.33717.318
MinimumVisualStudioVersion = 10.0.40219.1
Project("{2150E333-8FDC-42A3-9474-1A3956D46DE8}") = "软件开发原则", "软件开发原则", "{EDE3979F-0963-4F46-BC3F-392B22177918}"
EndProject
Project("{8BC9CEB8-8B4A-11D0-8D11-00A0C91BC942}") = "2、 Law of Demeter", "1. Single\1. Single.vcxproj", "{B82FBECA-11DE-4350-A014-832894A1A3ED}"
EndProject
Project("{8BC9CEB8-8B4A-11D0-8D11-00A0C91BC942}") = "2.Open_Close Princple", "Open_Close Princple\Open_Close Princple.vcxproj", "{35CB60B3-ED7F-482A-88E3-6BA45974F693}"
EndProject
Project("{2150E333-8FDC-42A3-9474-1A3956D46DE8}") = "设计模式", "设计模式", "{A739DE33-8BC6-4FDE-9DF3-E20F620BC3E7}"
EndProject
Project("{2150E333-8FDC-42A3-9474-1A3956D46DE8}") = "创建型模型", "创建型模型", "{8A9D302F-A795-4F04-98B3-BE797186D4DE}"
EndProject
Project("{2150E333-8FDC-42A3-9474-1A3956D46DE8}") = "结构型模型", "结构型模型", "{9DB5BC4B-5DD6-4E3E-AE01-E4E55A3389A5}"
EndProject
Project("{2150E333-8FDC-42A3-9474-1A3956D46DE8}") = "行为型模型", "行为型模型", "{BF9F5A26-970A-4963-BFEC-7E6DBA617194}"
EndProject
Project("{2150E333-8FDC-42A3-9474-1A3956D46DE8}") = "单例模式", "单例模式", "{ED3F6822-6A0F-457A-A8EF-B82318E642A7}"
EndProject
Project("{8BC9CEB8-8B4A-11D0-8D11-00A0C91BC942}") = "1.如何创建一个单例模式的类（恶汉式）", "1.如何创建一个单例模式的类\1.如何创建一个单例模式的类.vcxproj", "{30974119-6974-46F4-9F1B-82DC8B1C13BA}"
EndProject
Project("{8BC9CEB8-8B4A-11D0-8D11-00A0C91BC942}") = "2.懒汉式", "懒汉式\懒汉式.vcxproj", "{47F127A5-B2A6-46E0-88A8-4141CE977354}"
EndProject
Project("{8BC9CEB8-8B4A-11D0-8D11-00A0C91BC942}") = "3.双检锁", "3.双检索\3.双检索.vcxproj", "{A801BE88-D999-44B2-A1E8-346B9E3E0D4D}"
EndProject
Project("{8BC9CEB8-8B4A-11D0-8D11-00A0C91BC942}") = "4.使用原子变量解决双重检查锁底层存在的问题", "4.使用原子变量解决双重检查锁底层存在的问题\4.使用原子变量解决双重检查锁底层存在的问题.vcxproj", "{81CEBBDC-C714-4539-BC12-A263E9D39AB0}"
EndProject
Project("{8BC9CEB8-8B4A-11D0-8D11-00A0C91BC942}") = "5.静态局部对象", "5.静态局部对象\5.静态局部对象.vcxproj", "{030FF5A3-A7A3-492A-8989-8A9AE68F6CC6}"
EndProject
Project("{8BC9CEB8-8B4A-11D0-8D11-00A0C91BC942}") = "6.多线程下的任务队列", "6.多线程下的任务对垒\6.多线程下的任务对垒.vcxproj", "{DE3A1F52-FEC8-45C6-8639-AF8C7EC4ABF1}"
EndProject
Global
	GlobalSection(SolutionConfigurationPlatforms) = preSolution
		Debug|x64 = Debug|x64
		Debug|x86 = Debug|x86
		Release|x64 = Release|x64
		Release|x86 = Release|x86
	EndGlobalSection
	GlobalSection(ProjectConfigurationPlatforms) = postSolution
		{B82FBECA-11DE-4350-A014-832894A1A3ED}.Debug|x64.ActiveCfg = Debug|x64
		{B82FBECA-11DE-4350-A014-832894A1A3ED}.Debug|x64.Build.0 = Debug|x64
		{B82FBECA-11DE-4350-A014-832894A1A3ED}.Debug|x86.ActiveCfg = Debug|Win32
		{B82FBECA-11DE-4350-A014-832894A1A3ED}.Debug|x86.Build.0 = Debug|Win32
		{B82FBECA-11DE-4350-A014-832894A1A3ED}.Release|x64.ActiveCfg = Release|x64
		{B82FBECA-11DE-4350-A014-832894A1A3ED}.Release|x64.Build.0 = Release|x64
		{B82FBECA-11DE-4350-A014-832894A1A3ED}.Release|x86.ActiveCfg = Release|Win32
		{B82FBECA-11DE-4350-A014-832894A1A3ED}.Release|x86.Build.0 = Release|Win32
		{35CB60B3-ED7F-482A-88E3-6BA45974F693}.Debug|x64.ActiveCfg = Debug|x64
		{35CB60B3-ED7F-482A-88E3-6BA45974F693}.Debug|x64.Build.0 = Debug|x64
		{35CB60B3-ED7F-482A-88E3-6BA45974F693}.Debug|x86.ActiveCfg = Debug|Win32
		{35CB60B3-ED7F-482A-88E3-6BA45974F693}.Debug|x86.Build.0 = Debug|Win32
		{35CB60B3-ED7F-482A-88E3-6BA45974F693}.Release|x64.ActiveCfg = Release|x64
		{35CB60B3-ED7F-482A-88E3-6BA45974F693}.Release|x64.Build.0 = Release|x64
		{35CB60B3-ED7F-482A-88E3-6BA45974F693}.Release|x86.ActiveCfg = Release|Win32
		{35CB60B3-ED7F-482A-88E3-6BA45974F693}.Release|x86.Build.0 = Release|Win32
		{30974119-6974-46F4-9F1B-82DC8B1C13BA}.Debug|x64.ActiveCfg = Debug|x64
		{30974119-6974-46F4-9F1B-82DC8B1C13BA}.Debug|x64.Build.0 = Debug|x64
		{30974119-6974-46F4-9F1B-82DC8B1C13BA}.Debug|x86.ActiveCfg = Debug|Win32
		{30974119-6974-46F4-9F1B-82DC8B1C13BA}.Debug|x86.Build.0 = Debug|Win32
		{30974119-6974-46F4-9F1B-82DC8B1C13BA}.Release|x64.ActiveCfg = Release|x64
		{30974119-6974-46F4-9F1B-82DC8B1C13BA}.Release|x64.Build.0 = Release|x64
		{30974119-6974-46F4-9F1B-82DC8B1C13BA}.Release|x86.ActiveCfg = Release|Win32
		{30974119-6974-46F4-9F1B-82DC8B1C13BA}.Release|x86.Build.0 = Release|Win32
		{47F127A5-B2A6-46E0-88A8-4141CE977354}.Debug|x64.ActiveCfg = Debug|x64
		{47F127A5-B2A6-46E0-88A8-4141CE977354}.Debug|x64.Build.0 = Debug|x64
		{47F127A5-B2A6-46E0-88A8-4141CE977354}.Debug|x86.ActiveCfg = Debug|Win32
		{47F127A5-B2A6-46E0-88A8-4141CE977354}.Debug|x86.Build.0 = Debug|Win32
		{47F127A5-B2A6-46E0-88A8-4141CE977354}.Release|x64.ActiveCfg = Release|x64
		{47F127A5-B2A6-46E0-88A8-4141CE977354}.Release|x64.Build.0 = Release|x64
		{47F127A5-B2A6-46E0-88A8-4141CE977354}.Release|x86.ActiveCfg = Release|Win32
		{47F127A5-B2A6-46E0-88A8-4141CE977354}.Release|x86.Build.0 = Release|Win32
		{A801BE88-D999-44B2-A1E8-346B9E3E0D4D}.Debug|x64.ActiveCfg = Debug|x64
		{A801BE88-D999-44B2-A1E8-346B9E3E0D4D}.Debug|x64.Build.0 = Debug|x64
		{A801BE88-D999-44B2-A1E8-346B9E3E0D4D}.Debug|x86.ActiveCfg = Debug|Win32
		{A801BE88-D999-44B2-A1E8-346B9E3E0D4D}.Debug|x86.Build.0 = Debug|Win32
		{A801BE88-D999-44B2-A1E8-346B9E3E0D4D}.Release|x64.ActiveCfg = Release|x64
		{A801BE88-D999-44B2-A1E8-346B9E3E0D4D}.Release|x64.Build.0 = Release|x64
		{A801BE88-D999-44B2-A1E8-346B9E3E0D4D}.Release|x86.ActiveCfg = Release|Win32
		{A801BE88-D999-44B2-A1E8-346B9E3E0D4D}.Release|x86.Build.0 = Release|Win32
		{81CEBBDC-C714-4539-BC12-A263E9D39AB0}.Debug|x64.ActiveCfg = Debug|x64
		{81CEBBDC-C714-4539-BC12-A263E9D39AB0}.Debug|x64.Build.0 = Debug|x64
		{81CEBBDC-C714-4539-BC12-A263E9D39AB0}.Debug|x86.ActiveCfg = Debug|Win32
		{81CEBBDC-C714-4539-BC12-A263E9D39AB0}.Debug|x86.Build.0 = Debug|Win32
		{81CEBBDC-C714-4539-BC12-A263E9D39AB0}.Release|x64.ActiveCfg = Release|x64
		{81CEBBDC-C714-4539-BC12-A263E9D39AB0}.Release|x64.Build.0 = Release|x64
		{81CEBBDC-C714-4539-BC12-A263E9D39AB0}.Release|x86.ActiveCfg = Release|Win32
		{81CEBBDC-C714-4539-BC12-A263E9D39AB0}.Release|x86.Build.0 = Release|Win32
		{030FF5A3-A7A3-492A-8989-8A9AE68F6CC6}.Debug|x64.ActiveCfg = Debug|x64
		{030FF5A3-A7A3-492A-8989-8A9AE68F6CC6}.Debug|x64.Build.0 = Debug|x64
		{030FF5A3-A7A3-492A-8989-8A9AE68F6CC6}.Debug|x86.ActiveCfg = Debug|Win32
		{030FF5A3-A7A3-492A-8989-8A9AE68F6CC6}.Debug|x86.Build.0 = Debug|Win32
		{030FF5A3-A7A3-492A-8989-8A9AE68F6CC6}.Release|x64.ActiveCfg = Release|x64
		{030FF5A3-A7A3-492A-8989-8A9AE68F6CC6}.Release|x64.Build.0 = Release|x64
		{030FF5A3-A7A3-492A-8989-8A9AE68F6CC6}.Release|x86.ActiveCfg = Release|Win32
		{030FF5A3-A7A3-492A-8989-8A9AE68F6CC6}.Release|x86.Build.0 = Release|Win32
		{DE3A1F52-FEC8-45C6-8639-AF8C7EC4ABF1}.Debug|x64.ActiveCfg = Debug|x64
		{DE3A1F52-FEC8-45C6-8639-AF8C7EC4ABF1}.Debug|x64.Build.0 = Debug|x64
		{DE3A1F52-FEC8-45C6-8639-AF8C7EC4ABF1}.Debug|x86.ActiveCfg = Debug|Win32
		{DE3A1F52-FEC8-45C6-8639-AF8C7EC4ABF1}.Debug|x86.Build.0 = Debug|Win32
		{DE3A1F52-FEC8-45C6-8639-AF8C7EC4ABF1}.Release|x64.ActiveCfg = Release|x64
		{DE3A1F52-FEC8-45C6-8639-AF8C7EC4ABF1}.Release|x64.Build.0 = Release|x64
		{DE3A1F52-FEC8-45C6-8639-AF8C7EC4ABF1}.Release|x86.ActiveCfg = Release|Win32
		{DE3A1F52-FEC8-45C6-8639-AF8C7EC4ABF1}.Release|x86.Build.0 = Release|Win32
	EndGlobalSection
	GlobalSection(SolutionProperties) = preSolution
		HideSolutionNode = FALSE
	EndGlobalSection
	GlobalSection(NestedProjects) = preSolution
		{B82FBECA-11DE-4350-A014-832894A1A3ED} = {EDE3979F-0963-4F46-BC3F-392B22177918}
		{35CB60B3-ED7F-482A-88E3-6BA45974F693} = {EDE3979F-0963-4F46-BC3F-392B22177918}
		{8A9D302F-A795-4F04-98B3-BE797186D4DE} = {A739DE33-8BC6-4FDE-9DF3-E20F620BC3E7}
		{9DB5BC4B-5DD6-4E3E-AE01-E4E55A3389A5} = {A739DE33-8BC6-4FDE-9DF3-E20F620BC3E7}
		{BF9F5A26-970A-4963-BFEC-7E6DBA617194} = {A739DE33-8BC6-4FDE-9DF3-E20F620BC3E7}
		{ED3F6822-6A0F-457A-A8EF-B82318E642A7} = {8A9D302F-A795-4F04-98B3-BE797186D4DE}
		{30974119-6974-46F4-9F1B-82DC8B1C13BA} = {ED3F6822-6A0F-457A-A8EF-B82318E642A7}
		{47F127A5-B2A6-46E0-88A8-4141CE977354} = {ED3F6822-6A0F-457A-A8EF-B82318E642A7}
		{A801BE88-D999-44B2-A1E8-346B9E3E0D4D} = {ED3F6822-6A0F-457A-A8EF-B82318E642A7}
		{81CEBBDC-C714-4539-BC12-A263E9D39AB0} = {ED3F6822-6A0F-457A-A8EF-B82318E642A7}
		{030FF5A3-A7A3-492A-8989-8A9AE68F6CC6} = {ED3F6822-6A0F-457A-A8EF-B82318E642A7}
		{DE3A1F52-FEC8-45C6-8639-AF8C7EC4ABF1} = {ED3F6822-6A0F-457A-A8EF-B82318E642A7}
	EndGlobalSection
	GlobalSection(ExtensibilityGlobals) = postSolution
		SolutionGuid = {DBE7C1C1-AD62-4C62-BB14-E5134EE6A466}
	EndGlobalSection
EndGlobal
